
Microsoft Visual Studio Solution File, Format Version 12.00
# Visual Studio 2012
Project("{FAE04EC0-301F-11D3-BF4B-00C04F79EFBC}") = "02ReverseString", "02ReverseString\02ReverseString.csproj", "{2BA02B53-0529-48A3-8696-98135C2C9129}"
EndProject
Project("{FAE04EC0-301F-11D3-BF4B-00C04F79EFBC}") = "03CorrectBrackets", "03CorrectBrackets\03CorrectBrackets.csproj", "{520F4703-49E8-4D0A-A57C-5E69C68BF25C}"
EndProject
Project("{FAE04EC0-301F-11D3-BF4B-00C04F79EFBC}") = "04SubstringInText", "04SubstringInText\04SubstringInText.csproj", "{ED2A37E5-FB8C-4B9A-A2E9-5833F350D56F}"
EndProject
Project("{FAE04EC0-301F-11D3-BF4B-00C04F79EFBC}") = "05ParseTags", "05ParseTags\05ParseTags.csproj", "{1A6723D6-9CBD-4A9C-967E-ED3FC3ADD31F}"
EndProject
Project("{FAE04EC0-301F-11D3-BF4B-00C04F79EFBC}") = "06StringLength", "06StringLength\06StringLength.csproj", "{86399CEB-8E89-44B5-AA8E-D560335C3678}"
EndProject
Project("{FAE04EC0-301F-11D3-BF4B-00C04F79EFBC}") = "07EncodeAndDecode", "07EncodeAndDecode\07EncodeAndDecode.csproj", "{13F98DAE-2372-4630-BC76-786DDAB9ECC9}"
EndProject
Project("{FAE04EC0-301F-11D3-BF4B-00C04F79EFBC}") = "08ExtractSentences", "08ExtractSentences\08ExtractSentences.csproj", "{B66D318F-5B50-47FC-B7B3-C6E9BA4D997F}"
EndProject
Project("{FAE04EC0-301F-11D3-BF4B-00C04F79EFBC}") = "09ForbiddenWords", "09ForbiddenWords\09ForbiddenWords.csproj", "{EA5B2D15-5469-4B20-B87B-475AEEC6032E}"
EndProject
Project("{FAE04EC0-301F-11D3-BF4B-00C04F79EFBC}") = "10UnicodeCharacters", "10UnicodeCharacters\10UnicodeCharacters.csproj", "{F7E4C66F-DB11-4399-BE70-1E667C076194}"
EndProject
Project("{FAE04EC0-301F-11D3-BF4B-00C04F79EFBC}") = "11FormatNumber", "11FormatNumber\11FormatNumber.csproj", "{A188A9F1-FA2E-47DA-A184-EDBA825E0C7B}"
EndProject
Project("{FAE04EC0-301F-11D3-BF4B-00C04F79EFBC}") = "12ParseUrl", "12ParseUrl\12ParseUrl.csproj", "{AD32830C-EDD0-4947-9906-0BF91B29DAB9}"
EndProject
Project("{FAE04EC0-301F-11D3-BF4B-00C04F79EFBC}") = "13ReverseSentence", "13ReverseSentence\13ReverseSentence.csproj", "{E856EB07-9BF8-47D5-A7FF-83A136142DA3}"
EndProject
Project("{FAE04EC0-301F-11D3-BF4B-00C04F79EFBC}") = "14WordDictionnary", "14WordDictionnary\14WordDictionnary.csproj", "{37D3B33D-F31C-4491-8EBE-F913D8DD8AF4}"
EndProject
Project("{FAE04EC0-301F-11D3-BF4B-00C04F79EFBC}") = "15ReplaceTags", "15ReplaceTags\15ReplaceTags.csproj", "{B56A098F-3F46-464E-A992-C5A6CC30870D}"
EndProject
Project("{FAE04EC0-301F-11D3-BF4B-00C04F79EFBC}") = "16DateDifference", "16DateDifference\16DateDifference.csproj", "{7E9B5769-3167-4463-B9CA-216E58AB8712}"
EndProject
Project("{FAE04EC0-301F-11D3-BF4B-00C04F79EFBC}") = "17DateInBulgarian", "17DateInBulgarian\17DateInBulgarian.csproj", "{5BC5F3BE-0794-4455-AE21-90E70CB3B0B6}"
EndProject
Project("{FAE04EC0-301F-11D3-BF4B-00C04F79EFBC}") = "18ExtractEmails", "18ExtractEmails\18ExtractEmails.csproj", "{32D6083E-A20F-4B9D-8053-DD993DA9FF9E}"
EndProject
Project("{FAE04EC0-301F-11D3-BF4B-00C04F79EFBC}") = "19DatesFromTextInCanada", "19DatesFromTextInCanada\19DatesFromTextInCanada.csproj", "{DB07EC80-B5E9-4DF0-A2B7-6C0C61E4D603}"
EndProject
Project("{FAE04EC0-301F-11D3-BF4B-00C04F79EFBC}") = "20Palindromes", "20Palindromes\20Palindromes.csproj", "{75FEE871-7BF0-4F26-82F9-8289321C2CFF}"
EndProject
Project("{FAE04EC0-301F-11D3-BF4B-00C04F79EFBC}") = "21LettersCount", "21LettersCount\21LettersCount.csproj", "{34A3B205-B23C-4F18-9826-EF12BCC4B182}"
EndProject
Project("{FAE04EC0-301F-11D3-BF4B-00C04F79EFBC}") = "22WordsCount", "22WordsCount\22WordsCount.csproj", "{12B7CF8D-FB9B-4063-95DC-57C5807AB47D}"
EndProject
Project("{FAE04EC0-301F-11D3-BF4B-00C04F79EFBC}") = "23SeriesOfLetters", "23SeriesOfLetters\23SeriesOfLetters.csproj", "{E5CC7536-1EBD-42F4-92D3-4BCF6D32EDC1}"
EndProject
Project("{FAE04EC0-301F-11D3-BF4B-00C04F79EFBC}") = "24OrderWords", "24OrderWords\24OrderWords.csproj", "{EDB956A2-98E9-43EE-A674-04E618F5BDA5}"
EndProject
Project("{FAE04EC0-301F-11D3-BF4B-00C04F79EFBC}") = "25ExtractTextFromHtml", "25ExtractTextFromHtml\25ExtractTextFromHtml.csproj", "{1BEE2D46-A38A-41E4-8FFD-390212457055}"
EndProject
Project("{FAE04EC0-301F-11D3-BF4B-00C04F79EFBC}") = "00Test", "00Test\00Test.csproj", "{4A654202-9CC7-4810-AD4D-93275E320A32}"
EndProject
Global
	GlobalSection(SolutionConfigurationPlatforms) = preSolution
		Debug|Any CPU = Debug|Any CPU
		Release|Any CPU = Release|Any CPU
	EndGlobalSection
	GlobalSection(ProjectConfigurationPlatforms) = postSolution
		{2BA02B53-0529-48A3-8696-98135C2C9129}.Debug|Any CPU.ActiveCfg = Debug|Any CPU
		{2BA02B53-0529-48A3-8696-98135C2C9129}.Debug|Any CPU.Build.0 = Debug|Any CPU
		{2BA02B53-0529-48A3-8696-98135C2C9129}.Release|Any CPU.ActiveCfg = Release|Any CPU
		{2BA02B53-0529-48A3-8696-98135C2C9129}.Release|Any CPU.Build.0 = Release|Any CPU
		{520F4703-49E8-4D0A-A57C-5E69C68BF25C}.Debug|Any CPU.ActiveCfg = Debug|Any CPU
		{520F4703-49E8-4D0A-A57C-5E69C68BF25C}.Debug|Any CPU.Build.0 = Debug|Any CPU
		{520F4703-49E8-4D0A-A57C-5E69C68BF25C}.Release|Any CPU.ActiveCfg = Release|Any CPU
		{520F4703-49E8-4D0A-A57C-5E69C68BF25C}.Release|Any CPU.Build.0 = Release|Any CPU
		{ED2A37E5-FB8C-4B9A-A2E9-5833F350D56F}.Debug|Any CPU.ActiveCfg = Debug|Any CPU
		{ED2A37E5-FB8C-4B9A-A2E9-5833F350D56F}.Debug|Any CPU.Build.0 = Debug|Any CPU
		{ED2A37E5-FB8C-4B9A-A2E9-5833F350D56F}.Release|Any CPU.ActiveCfg = Release|Any CPU
		{ED2A37E5-FB8C-4B9A-A2E9-5833F350D56F}.Release|Any CPU.Build.0 = Release|Any CPU
		{1A6723D6-9CBD-4A9C-967E-ED3FC3ADD31F}.Debug|Any CPU.ActiveCfg = Debug|Any CPU
		{1A6723D6-9CBD-4A9C-967E-ED3FC3ADD31F}.Debug|Any CPU.Build.0 = Debug|Any CPU
		{1A6723D6-9CBD-4A9C-967E-ED3FC3ADD31F}.Release|Any CPU.ActiveCfg = Release|Any CPU
		{1A6723D6-9CBD-4A9C-967E-ED3FC3ADD31F}.Release|Any CPU.Build.0 = Release|Any CPU
		{86399CEB-8E89-44B5-AA8E-D560335C3678}.Debug|Any CPU.ActiveCfg = Debug|Any CPU
		{86399CEB-8E89-44B5-AA8E-D560335C3678}.Debug|Any CPU.Build.0 = Debug|Any CPU
		{86399CEB-8E89-44B5-AA8E-D560335C3678}.Release|Any CPU.ActiveCfg = Release|Any CPU
		{86399CEB-8E89-44B5-AA8E-D560335C3678}.Release|Any CPU.Build.0 = Release|Any CPU
		{13F98DAE-2372-4630-BC76-786DDAB9ECC9}.Debug|Any CPU.ActiveCfg = Debug|Any CPU
		{13F98DAE-2372-4630-BC76-786DDAB9ECC9}.Debug|Any CPU.Build.0 = Debug|Any CPU
		{13F98DAE-2372-4630-BC76-786DDAB9ECC9}.Release|Any CPU.ActiveCfg = Release|Any CPU
		{13F98DAE-2372-4630-BC76-786DDAB9ECC9}.Release|Any CPU.Build.0 = Release|Any CPU
		{B66D318F-5B50-47FC-B7B3-C6E9BA4D997F}.Debug|Any CPU.ActiveCfg = Debug|Any CPU
		{B66D318F-5B50-47FC-B7B3-C6E9BA4D997F}.Debug|Any CPU.Build.0 = Debug|Any CPU
		{B66D318F-5B50-47FC-B7B3-C6E9BA4D997F}.Release|Any CPU.ActiveCfg = Release|Any CPU
		{B66D318F-5B50-47FC-B7B3-C6E9BA4D997F}.Release|Any CPU.Build.0 = Release|Any CPU
		{EA5B2D15-5469-4B20-B87B-475AEEC6032E}.Debug|Any CPU.ActiveCfg = Debug|Any CPU
		{EA5B2D15-5469-4B20-B87B-475AEEC6032E}.Debug|Any CPU.Build.0 = Debug|Any CPU
		{EA5B2D15-5469-4B20-B87B-475AEEC6032E}.Release|Any CPU.ActiveCfg = Release|Any CPU
		{EA5B2D15-5469-4B20-B87B-475AEEC6032E}.Release|Any CPU.Build.0 = Release|Any CPU
		{F7E4C66F-DB11-4399-BE70-1E667C076194}.Debug|Any CPU.ActiveCfg = Debug|Any CPU
		{F7E4C66F-DB11-4399-BE70-1E667C076194}.Debug|Any CPU.Build.0 = Debug|Any CPU
		{F7E4C66F-DB11-4399-BE70-1E667C076194}.Release|Any CPU.ActiveCfg = Release|Any CPU
		{F7E4C66F-DB11-4399-BE70-1E667C076194}.Release|Any CPU.Build.0 = Release|Any CPU
		{A188A9F1-FA2E-47DA-A184-EDBA825E0C7B}.Debug|Any CPU.ActiveCfg = Debug|Any CPU
		{A188A9F1-FA2E-47DA-A184-EDBA825E0C7B}.Debug|Any CPU.Build.0 = Debug|Any CPU
		{A188A9F1-FA2E-47DA-A184-EDBA825E0C7B}.Release|Any CPU.ActiveCfg = Release|Any CPU
		{A188A9F1-FA2E-47DA-A184-EDBA825E0C7B}.Release|Any CPU.Build.0 = Release|Any CPU
		{AD32830C-EDD0-4947-9906-0BF91B29DAB9}.Debug|Any CPU.ActiveCfg = Debug|Any CPU
		{AD32830C-EDD0-4947-9906-0BF91B29DAB9}.Debug|Any CPU.Build.0 = Debug|Any CPU
		{AD32830C-EDD0-4947-9906-0BF91B29DAB9}.Release|Any CPU.ActiveCfg = Release|Any CPU
		{AD32830C-EDD0-4947-9906-0BF91B29DAB9}.Release|Any CPU.Build.0 = Release|Any CPU
		{E856EB07-9BF8-47D5-A7FF-83A136142DA3}.Debug|Any CPU.ActiveCfg = Debug|Any CPU
		{E856EB07-9BF8-47D5-A7FF-83A136142DA3}.Debug|Any CPU.Build.0 = Debug|Any CPU
		{E856EB07-9BF8-47D5-A7FF-83A136142DA3}.Release|Any CPU.ActiveCfg = Release|Any CPU
		{E856EB07-9BF8-47D5-A7FF-83A136142DA3}.Release|Any CPU.Build.0 = Release|Any CPU
		{37D3B33D-F31C-4491-8EBE-F913D8DD8AF4}.Debug|Any CPU.ActiveCfg = Debug|Any CPU
		{37D3B33D-F31C-4491-8EBE-F913D8DD8AF4}.Debug|Any CPU.Build.0 = Debug|Any CPU
		{37D3B33D-F31C-4491-8EBE-F913D8DD8AF4}.Release|Any CPU.ActiveCfg = Release|Any CPU
		{37D3B33D-F31C-4491-8EBE-F913D8DD8AF4}.Release|Any CPU.Build.0 = Release|Any CPU
		{B56A098F-3F46-464E-A992-C5A6CC30870D}.Debug|Any CPU.ActiveCfg = Debug|Any CPU
		{B56A098F-3F46-464E-A992-C5A6CC30870D}.Debug|Any CPU.Build.0 = Debug|Any CPU
		{B56A098F-3F46-464E-A992-C5A6CC30870D}.Release|Any CPU.ActiveCfg = Release|Any CPU
		{B56A098F-3F46-464E-A992-C5A6CC30870D}.Release|Any CPU.Build.0 = Release|Any CPU
		{7E9B5769-3167-4463-B9CA-216E58AB8712}.Debug|Any CPU.ActiveCfg = Debug|Any CPU
		{7E9B5769-3167-4463-B9CA-216E58AB8712}.Debug|Any CPU.Build.0 = Debug|Any CPU
		{7E9B5769-3167-4463-B9CA-216E58AB8712}.Release|Any CPU.ActiveCfg = Release|Any CPU
		{7E9B5769-3167-4463-B9CA-216E58AB8712}.Release|Any CPU.Build.0 = Release|Any CPU
		{5BC5F3BE-0794-4455-AE21-90E70CB3B0B6}.Debug|Any CPU.ActiveCfg = Debug|Any CPU
		{5BC5F3BE-0794-4455-AE21-90E70CB3B0B6}.Debug|Any CPU.Build.0 = Debug|Any CPU
		{5BC5F3BE-0794-4455-AE21-90E70CB3B0B6}.Release|Any CPU.ActiveCfg = Release|Any CPU
		{5BC5F3BE-0794-4455-AE21-90E70CB3B0B6}.Release|Any CPU.Build.0 = Release|Any CPU
		{32D6083E-A20F-4B9D-8053-DD993DA9FF9E}.Debug|Any CPU.ActiveCfg = Debug|Any CPU
		{32D6083E-A20F-4B9D-8053-DD993DA9FF9E}.Debug|Any CPU.Build.0 = Debug|Any CPU
		{32D6083E-A20F-4B9D-8053-DD993DA9FF9E}.Release|Any CPU.ActiveCfg = Release|Any CPU
		{32D6083E-A20F-4B9D-8053-DD993DA9FF9E}.Release|Any CPU.Build.0 = Release|Any CPU
		{DB07EC80-B5E9-4DF0-A2B7-6C0C61E4D603}.Debug|Any CPU.ActiveCfg = Debug|Any CPU
		{DB07EC80-B5E9-4DF0-A2B7-6C0C61E4D603}.Debug|Any CPU.Build.0 = Debug|Any CPU
		{DB07EC80-B5E9-4DF0-A2B7-6C0C61E4D603}.Release|Any CPU.ActiveCfg = Release|Any CPU
		{DB07EC80-B5E9-4DF0-A2B7-6C0C61E4D603}.Release|Any CPU.Build.0 = Release|Any CPU
		{75FEE871-7BF0-4F26-82F9-8289321C2CFF}.Debug|Any CPU.ActiveCfg = Debug|Any CPU
		{75FEE871-7BF0-4F26-82F9-8289321C2CFF}.Debug|Any CPU.Build.0 = Debug|Any CPU
		{75FEE871-7BF0-4F26-82F9-8289321C2CFF}.Release|Any CPU.ActiveCfg = Release|Any CPU
		{75FEE871-7BF0-4F26-82F9-8289321C2CFF}.Release|Any CPU.Build.0 = Release|Any CPU
		{34A3B205-B23C-4F18-9826-EF12BCC4B182}.Debug|Any CPU.ActiveCfg = Debug|Any CPU
		{34A3B205-B23C-4F18-9826-EF12BCC4B182}.Debug|Any CPU.Build.0 = Debug|Any CPU
		{34A3B205-B23C-4F18-9826-EF12BCC4B182}.Release|Any CPU.ActiveCfg = Release|Any CPU
		{34A3B205-B23C-4F18-9826-EF12BCC4B182}.Release|Any CPU.Build.0 = Release|Any CPU
		{12B7CF8D-FB9B-4063-95DC-57C5807AB47D}.Debug|Any CPU.ActiveCfg = Debug|Any CPU
		{12B7CF8D-FB9B-4063-95DC-57C5807AB47D}.Debug|Any CPU.Build.0 = Debug|Any CPU
		{12B7CF8D-FB9B-4063-95DC-57C5807AB47D}.Release|Any CPU.ActiveCfg = Release|Any CPU
		{12B7CF8D-FB9B-4063-95DC-57C5807AB47D}.Release|Any CPU.Build.0 = Release|Any CPU
		{E5CC7536-1EBD-42F4-92D3-4BCF6D32EDC1}.Debug|Any CPU.ActiveCfg = Debug|Any CPU
		{E5CC7536-1EBD-42F4-92D3-4BCF6D32EDC1}.Debug|Any CPU.Build.0 = Debug|Any CPU
		{E5CC7536-1EBD-42F4-92D3-4BCF6D32EDC1}.Release|Any CPU.ActiveCfg = Release|Any CPU
		{E5CC7536-1EBD-42F4-92D3-4BCF6D32EDC1}.Release|Any CPU.Build.0 = Release|Any CPU
		{EDB956A2-98E9-43EE-A674-04E618F5BDA5}.Debug|Any CPU.ActiveCfg = Debug|Any CPU
		{EDB956A2-98E9-43EE-A674-04E618F5BDA5}.Debug|Any CPU.Build.0 = Debug|Any CPU
		{EDB956A2-98E9-43EE-A674-04E618F5BDA5}.Release|Any CPU.ActiveCfg = Release|Any CPU
		{EDB956A2-98E9-43EE-A674-04E618F5BDA5}.Release|Any CPU.Build.0 = Release|Any CPU
		{1BEE2D46-A38A-41E4-8FFD-390212457055}.Debug|Any CPU.ActiveCfg = Debug|Any CPU
		{1BEE2D46-A38A-41E4-8FFD-390212457055}.Debug|Any CPU.Build.0 = Debug|Any CPU
		{1BEE2D46-A38A-41E4-8FFD-390212457055}.Release|Any CPU.ActiveCfg = Release|Any CPU
		{1BEE2D46-A38A-41E4-8FFD-390212457055}.Release|Any CPU.Build.0 = Release|Any CPU
		{4A654202-9CC7-4810-AD4D-93275E320A32}.Debug|Any CPU.ActiveCfg = Debug|Any CPU
		{4A654202-9CC7-4810-AD4D-93275E320A32}.Debug|Any CPU.Build.0 = Debug|Any CPU
		{4A654202-9CC7-4810-AD4D-93275E320A32}.Release|Any CPU.ActiveCfg = Release|Any CPU
		{4A654202-9CC7-4810-AD4D-93275E320A32}.Release|Any CPU.Build.0 = Release|Any CPU
	EndGlobalSection
	GlobalSection(SolutionProperties) = preSolution
		HideSolutionNode = FALSE
	EndGlobalSection
EndGlobal
