
Microsoft Visual Studio Solution File, Format Version 12.00
# Visual Studio 2012
Project("{FAE04EC0-301F-11D3-BF4B-00C04F79EFBC}") = "04HelloWorld", "04HelloWorld\04HelloWorld.csproj", "{3BF112E9-97DB-48D8-BEB4-6C56CC9D7D84}"
EndProject
Project("{FAE04EC0-301F-11D3-BF4B-00C04F79EFBC}") = "05PrintName", "05PrintName\05PrintName.csproj", "{C3F6647F-7FFF-4F16-81AD-2B5C8E8AFC75}"
EndProject
Project("{FAE04EC0-301F-11D3-BF4B-00C04F79EFBC}") = "06PrintNumbers", "06PrintNumbers\06PrintNumbers.csproj", "{0CBEC797-9547-4B50-A31F-ED83BF8EBB7B}"
EndProject
Project("{FAE04EC0-301F-11D3-BF4B-00C04F79EFBC}") = "08SquareRoot", "08SquareRoot\08SquareRoot.csproj", "{02245C29-8DD9-4867-A997-C705C1486F77}"
EndProject
Project("{FAE04EC0-301F-11D3-BF4B-00C04F79EFBC}") = "09PrintSequence", "09PrintSequence\09PrintSequence.csproj", "{563000BE-E00F-4C57-90BF-B3B905C0ECDB}"
EndProject
Project("{FAE04EC0-301F-11D3-BF4B-00C04F79EFBC}") = "14CurrentDateTime", "14CurrentDateTime\14CurrentDateTime.csproj", "{3908B91A-1CFE-45D4-A7D9-F370A8905C2D}"
EndProject
Project("{FAE04EC0-301F-11D3-BF4B-00C04F79EFBC}") = "15Age", "15Age\15Age.csproj", "{E0AA9CB5-01DC-41E9-84CC-843FD4386267}"
EndProject
Project("{FAE04EC0-301F-11D3-BF4B-00C04F79EFBC}") = "16PrintLongSequence", "16PrintLongSequence\16PrintLongSequence.csproj", "{13828229-E41F-464B-82FB-1BBDFB6BE4E2}"
EndProject
Global
	GlobalSection(SolutionConfigurationPlatforms) = preSolution
		Debug|Any CPU = Debug|Any CPU
		Release|Any CPU = Release|Any CPU
	EndGlobalSection
	GlobalSection(ProjectConfigurationPlatforms) = postSolution
		{3BF112E9-97DB-48D8-BEB4-6C56CC9D7D84}.Debug|Any CPU.ActiveCfg = Debug|Any CPU
		{3BF112E9-97DB-48D8-BEB4-6C56CC9D7D84}.Debug|Any CPU.Build.0 = Debug|Any CPU
		{3BF112E9-97DB-48D8-BEB4-6C56CC9D7D84}.Release|Any CPU.ActiveCfg = Release|Any CPU
		{3BF112E9-97DB-48D8-BEB4-6C56CC9D7D84}.Release|Any CPU.Build.0 = Release|Any CPU
		{C3F6647F-7FFF-4F16-81AD-2B5C8E8AFC75}.Debug|Any CPU.ActiveCfg = Debug|Any CPU
		{C3F6647F-7FFF-4F16-81AD-2B5C8E8AFC75}.Debug|Any CPU.Build.0 = Debug|Any CPU
		{C3F6647F-7FFF-4F16-81AD-2B5C8E8AFC75}.Release|Any CPU.ActiveCfg = Release|Any CPU
		{C3F6647F-7FFF-4F16-81AD-2B5C8E8AFC75}.Release|Any CPU.Build.0 = Release|Any CPU
		{0CBEC797-9547-4B50-A31F-ED83BF8EBB7B}.Debug|Any CPU.ActiveCfg = Debug|Any CPU
		{0CBEC797-9547-4B50-A31F-ED83BF8EBB7B}.Debug|Any CPU.Build.0 = Debug|Any CPU
		{0CBEC797-9547-4B50-A31F-ED83BF8EBB7B}.Release|Any CPU.ActiveCfg = Release|Any CPU
		{0CBEC797-9547-4B50-A31F-ED83BF8EBB7B}.Release|Any CPU.Build.0 = Release|Any CPU
		{02245C29-8DD9-4867-A997-C705C1486F77}.Debug|Any CPU.ActiveCfg = Debug|Any CPU
		{02245C29-8DD9-4867-A997-C705C1486F77}.Debug|Any CPU.Build.0 = Debug|Any CPU
		{02245C29-8DD9-4867-A997-C705C1486F77}.Release|Any CPU.ActiveCfg = Release|Any CPU
		{02245C29-8DD9-4867-A997-C705C1486F77}.Release|Any CPU.Build.0 = Release|Any CPU
		{563000BE-E00F-4C57-90BF-B3B905C0ECDB}.Debug|Any CPU.ActiveCfg = Debug|Any CPU
		{563000BE-E00F-4C57-90BF-B3B905C0ECDB}.Debug|Any CPU.Build.0 = Debug|Any CPU
		{563000BE-E00F-4C57-90BF-B3B905C0ECDB}.Release|Any CPU.ActiveCfg = Release|Any CPU
		{563000BE-E00F-4C57-90BF-B3B905C0ECDB}.Release|Any CPU.Build.0 = Release|Any CPU
		{3908B91A-1CFE-45D4-A7D9-F370A8905C2D}.Debug|Any CPU.ActiveCfg = Debug|Any CPU
		{3908B91A-1CFE-45D4-A7D9-F370A8905C2D}.Debug|Any CPU.Build.0 = Debug|Any CPU
		{3908B91A-1CFE-45D4-A7D9-F370A8905C2D}.Release|Any CPU.ActiveCfg = Release|Any CPU
		{3908B91A-1CFE-45D4-A7D9-F370A8905C2D}.Release|Any CPU.Build.0 = Release|Any CPU
		{E0AA9CB5-01DC-41E9-84CC-843FD4386267}.Debug|Any CPU.ActiveCfg = Debug|Any CPU
		{E0AA9CB5-01DC-41E9-84CC-843FD4386267}.Debug|Any CPU.Build.0 = Debug|Any CPU
		{E0AA9CB5-01DC-41E9-84CC-843FD4386267}.Release|Any CPU.ActiveCfg = Release|Any CPU
		{E0AA9CB5-01DC-41E9-84CC-843FD4386267}.Release|Any CPU.Build.0 = Release|Any CPU
		{13828229-E41F-464B-82FB-1BBDFB6BE4E2}.Debug|Any CPU.ActiveCfg = Debug|Any CPU
		{13828229-E41F-464B-82FB-1BBDFB6BE4E2}.Debug|Any CPU.Build.0 = Debug|Any CPU
		{13828229-E41F-464B-82FB-1BBDFB6BE4E2}.Release|Any CPU.ActiveCfg = Release|Any CPU
		{13828229-E41F-464B-82FB-1BBDFB6BE4E2}.Release|Any CPU.Build.0 = Release|Any CPU
	EndGlobalSection
	GlobalSection(SolutionProperties) = preSolution
		HideSolutionNode = FALSE
	EndGlobalSection
EndGlobal
