
Microsoft Visual Studio Solution File, Format Version 12.00
# Visual Studio 2012
Project("{FAE04EC0-301F-11D3-BF4B-00C04F79EFBC}") = "01Printing", "01Printing\01Printing.csproj", "{664563D4-43DA-46B4-9B09-0D960A945B9A}"
EndProject
Project("{FAE04EC0-301F-11D3-BF4B-00C04F79EFBC}") = "01Money", "01Money\01Money.csproj", "{7CD6C102-20F0-43E1-BCF9-EA8DDF48C566}"
EndProject
Project("{FAE04EC0-301F-11D3-BF4B-00C04F79EFBC}") = "01ThreeNumbers", "01ThreeNumbers\01ThreeNumbers.csproj", "{F9ABE100-A3B4-4C38-95F1-11FF8B4B45E5}"
EndProject
Project("{FAE04EC0-301F-11D3-BF4B-00C04F79EFBC}") = "02TextToNumber", "02TextToNumber\02TextToNumber.csproj", "{8B4C76B7-BFDF-4E64-A81D-CCD2545ACF14}"
EndProject
Project("{FAE04EC0-301F-11D3-BF4B-00C04F79EFBC}") = "02Decoding", "02Decoding\02Decoding.csproj", "{81A404CB-BE1C-40CD-9D87-6B69E74753AC}"
EndProject
Project("{FAE04EC0-301F-11D3-BF4B-00C04F79EFBC}") = "03SaddyKopper", "03SaddyKopper\03SaddyKopper.csproj", "{F2014F0D-AE20-4405-A416-BB6ED928143A}"
EndProject
Project("{FAE04EC0-301F-11D3-BF4B-00C04F79EFBC}") = "01Task248", "01Task248\01Task248.csproj", "{4942EE5E-56F3-42E0-88F1-46298037AC2E}"
EndProject
Project("{FAE04EC0-301F-11D3-BF4B-00C04F79EFBC}") = "01PieceOfCake", "01PieceOfCake\01PieceOfCake.csproj", "{3361DCCC-3AC7-4182-A773-F92176E095D8}"
EndProject
Project("{FAE04EC0-301F-11D3-BF4B-00C04F79EFBC}") = "01AmericanPie", "01AmericanPie\01AmericanPie.csproj", "{8C810CB9-9447-43FB-BE63-BD623AE63614}"
EndProject
Project("{FAE04EC0-301F-11D3-BF4B-00C04F79EFBC}") = "02AngryFemaleGPS", "02AngryFemaleGPS\02AngryFemaleGPS.csproj", "{17B2147E-28BE-492C-B5B7-01861D02BB15}"
EndProject
Project("{FAE04EC0-301F-11D3-BF4B-00C04F79EFBC}") = "02AppleOrOranges", "02AppleOrOranges\02AppleOrOranges.csproj", "{BDB33727-C466-4922-90C0-3BF2D3859388}"
EndProject
Project("{FAE04EC0-301F-11D3-BF4B-00C04F79EFBC}") = "03TheHorror", "03TheHorror\03TheHorror.csproj", "{FF62DF24-C143-4447-9F38-5A5A16138DBB}"
EndProject
Project("{FAE04EC0-301F-11D3-BF4B-00C04F79EFBC}") = "03Maslan", "03Maslan\03Maslan.csproj", "{39F632AA-5875-439C-A995-A4893531F6EA}"
EndProject
Project("{FAE04EC0-301F-11D3-BF4B-00C04F79EFBC}") = "03Maslan-Author", "03Maslan-Author\03Maslan-Author.csproj", "{55C65F06-F0A6-4738-AADD-C2674A6CCA03}"
EndProject
Project("{FAE04EC0-301F-11D3-BF4B-00C04F79EFBC}") = "03ConsoleApp1", "03ConsoleApp1\03ConsoleApp1.csproj", "{A3D2AE0D-7F97-4CFB-8AB7-AA9F3DDCF2EB}"
EndProject
Project("{FAE04EC0-301F-11D3-BF4B-00C04F79EFBC}") = "05SequenceOfBits", "05SequenceOfBits\05SequenceOfBits.csproj", "{8103882B-FAD5-41FE-AFC7-4CEEB7A0DC0E}"
EndProject
Project("{FAE04EC0-301F-11D3-BF4B-00C04F79EFBC}") = "05SearchInBits", "05SearchInBits\05SearchInBits.csproj", "{D463C962-22BB-4713-865D-30A220D7681D}"
EndProject
Project("{FAE04EC0-301F-11D3-BF4B-00C04F79EFBC}") = "01CoffeeMachine", "01CoffeeMachine\01CoffeeMachine.csproj", "{F964AEB4-A672-4A7F-A1F0-91DD45F67FB1}"
EndProject
Project("{FAE04EC0-301F-11D3-BF4B-00C04F79EFBC}") = "01Garden", "01Garden\01Garden.csproj", "{F689FE89-3223-4E27-B02D-3B63FBD6B9C9}"
EndProject
Project("{FAE04EC0-301F-11D3-BF4B-00C04F79EFBC}") = "03OnesAndZeros", "03OnesAndZeros\03OnesAndZeros.csproj", "{537B6E60-1C40-441C-ACA3-DC1594AD7069}"
EndProject
Project("{FAE04EC0-301F-11D3-BF4B-00C04F79EFBC}") = "03BinaryDigits", "03BinaryDigits\03BinaryDigits.csproj", "{1542064C-8C4D-4EE7-88B1-380CFF041360}"
EndProject
Project("{FAE04EC0-301F-11D3-BF4B-00C04F79EFBC}") = "03Xpression", "03Xpression\03Xpression.csproj", "{F53F1FDE-39E7-4225-BD72-D5CD1A882ED2}"
EndProject
Project("{FAE04EC0-301F-11D3-BF4B-00C04F79EFBC}") = "04PersianRugs", "04PersianRugs\04PersianRugs.csproj", "{2D7B0B12-6029-4345-AD92-40CCB77FE5EA}"
EndProject
Project("{FAE04EC0-301F-11D3-BF4B-00C04F79EFBC}") = "04ExRugs", "04ExRugs\04ExRugs.csproj", "{7C2D1E72-E00C-400D-876B-3F340FE995D5}"
EndProject
Project("{FAE04EC0-301F-11D3-BF4B-00C04F79EFBC}") = "04Cube", "04Cube\04Cube.csproj", "{9E0D676E-F33A-4F91-9716-BBFD0E9337FD}"
EndProject
Project("{FAE04EC0-301F-11D3-BF4B-00C04F79EFBC}") = "04DiamondTrolls", "04DiamondTrolls\04DiamondTrolls.csproj", "{02565116-E7AE-4E5F-9791-A42C67DA57C2}"
EndProject
Project("{FAE04EC0-301F-11D3-BF4B-00C04F79EFBC}") = "04Eggcelent", "04Eggcelent\04Eggcelent.csproj", "{9014B30C-AEBE-400B-8487-F37D6D9E20AD}"
EndProject
Project("{FAE04EC0-301F-11D3-BF4B-00C04F79EFBC}") = "04Fire", "04Fire\04Fire.csproj", "{757F701F-56E2-4BA6-862D-1F0C37F02411}"
EndProject
Project("{FAE04EC0-301F-11D3-BF4B-00C04F79EFBC}") = "04BatGoikoTower", "04BatGoikoTower\04BatGoikoTower.csproj", "{77A65AEE-1A28-48DD-9798-17ADC4AA30E1}"
EndProject
Project("{FAE04EC0-301F-11D3-BF4B-00C04F79EFBC}") = "04KaspichanBoats", "04KaspichanBoats\04KaspichanBoats.csproj", "{7B3D1D6E-E349-4C69-8BB9-7BEA83B9D8FA}"
EndProject
Project("{FAE04EC0-301F-11D3-BF4B-00C04F79EFBC}") = "02DrunkenNumbers", "02DrunkenNumbers\02DrunkenNumbers.csproj", "{61C92753-0B5A-4F4B-8C19-29B75E0AD391}"
EndProject
Project("{FAE04EC0-301F-11D3-BF4B-00C04F79EFBC}") = "02Secrets", "02Secrets\02Secrets.csproj", "{4EFA4095-C78E-40B4-AB35-6E205BE35CA5}"
EndProject
Project("{FAE04EC0-301F-11D3-BF4B-00C04F79EFBC}") = "03Xpression_2", "03Xpression_2\03Xpression_2.csproj", "{963FE1BE-87A9-422B-BCB0-F112FDA84E4D}"
EndProject
Project("{FAE04EC0-301F-11D3-BF4B-00C04F79EFBC}") = "05Neurons", "05Neurons\05Neurons.csproj", "{B550CB31-FB18-4EB4-AEC2-0EC92A5B97BE}"
EndProject
Project("{FAE04EC0-301F-11D3-BF4B-00C04F79EFBC}") = "05BinaryDigitsCount", "05BinaryDigitsCount\05BinaryDigitsCount.csproj", "{914D413D-6049-4B1B-8B73-8FCDA5B7AE35}"
EndProject
Project("{FAE04EC0-301F-11D3-BF4B-00C04F79EFBC}") = "03BullsAndCows", "03BullsAndCows\03BullsAndCows.csproj", "{39E8D744-A877-45CB-A97E-C4DCE6534B25}"
EndProject
Project("{FAE04EC0-301F-11D3-BF4B-00C04F79EFBC}") = "03CardWars", "03CardWars\03CardWars.csproj", "{7E733755-8556-48BA-98F8-7FD3A3815B22}"
EndProject
Global
	GlobalSection(SolutionConfigurationPlatforms) = preSolution
		Debug|Any CPU = Debug|Any CPU
		Release|Any CPU = Release|Any CPU
	EndGlobalSection
	GlobalSection(ProjectConfigurationPlatforms) = postSolution
		{664563D4-43DA-46B4-9B09-0D960A945B9A}.Debug|Any CPU.ActiveCfg = Debug|Any CPU
		{664563D4-43DA-46B4-9B09-0D960A945B9A}.Debug|Any CPU.Build.0 = Debug|Any CPU
		{664563D4-43DA-46B4-9B09-0D960A945B9A}.Release|Any CPU.ActiveCfg = Release|Any CPU
		{664563D4-43DA-46B4-9B09-0D960A945B9A}.Release|Any CPU.Build.0 = Release|Any CPU
		{7CD6C102-20F0-43E1-BCF9-EA8DDF48C566}.Debug|Any CPU.ActiveCfg = Debug|Any CPU
		{7CD6C102-20F0-43E1-BCF9-EA8DDF48C566}.Debug|Any CPU.Build.0 = Debug|Any CPU
		{7CD6C102-20F0-43E1-BCF9-EA8DDF48C566}.Release|Any CPU.ActiveCfg = Release|Any CPU
		{7CD6C102-20F0-43E1-BCF9-EA8DDF48C566}.Release|Any CPU.Build.0 = Release|Any CPU
		{F9ABE100-A3B4-4C38-95F1-11FF8B4B45E5}.Debug|Any CPU.ActiveCfg = Debug|Any CPU
		{F9ABE100-A3B4-4C38-95F1-11FF8B4B45E5}.Debug|Any CPU.Build.0 = Debug|Any CPU
		{F9ABE100-A3B4-4C38-95F1-11FF8B4B45E5}.Release|Any CPU.ActiveCfg = Release|Any CPU
		{F9ABE100-A3B4-4C38-95F1-11FF8B4B45E5}.Release|Any CPU.Build.0 = Release|Any CPU
		{8B4C76B7-BFDF-4E64-A81D-CCD2545ACF14}.Debug|Any CPU.ActiveCfg = Debug|Any CPU
		{8B4C76B7-BFDF-4E64-A81D-CCD2545ACF14}.Debug|Any CPU.Build.0 = Debug|Any CPU
		{8B4C76B7-BFDF-4E64-A81D-CCD2545ACF14}.Release|Any CPU.ActiveCfg = Release|Any CPU
		{8B4C76B7-BFDF-4E64-A81D-CCD2545ACF14}.Release|Any CPU.Build.0 = Release|Any CPU
		{81A404CB-BE1C-40CD-9D87-6B69E74753AC}.Debug|Any CPU.ActiveCfg = Debug|Any CPU
		{81A404CB-BE1C-40CD-9D87-6B69E74753AC}.Debug|Any CPU.Build.0 = Debug|Any CPU
		{81A404CB-BE1C-40CD-9D87-6B69E74753AC}.Release|Any CPU.ActiveCfg = Release|Any CPU
		{81A404CB-BE1C-40CD-9D87-6B69E74753AC}.Release|Any CPU.Build.0 = Release|Any CPU
		{F2014F0D-AE20-4405-A416-BB6ED928143A}.Debug|Any CPU.ActiveCfg = Debug|Any CPU
		{F2014F0D-AE20-4405-A416-BB6ED928143A}.Debug|Any CPU.Build.0 = Debug|Any CPU
		{F2014F0D-AE20-4405-A416-BB6ED928143A}.Release|Any CPU.ActiveCfg = Release|Any CPU
		{F2014F0D-AE20-4405-A416-BB6ED928143A}.Release|Any CPU.Build.0 = Release|Any CPU
		{4942EE5E-56F3-42E0-88F1-46298037AC2E}.Debug|Any CPU.ActiveCfg = Debug|Any CPU
		{4942EE5E-56F3-42E0-88F1-46298037AC2E}.Debug|Any CPU.Build.0 = Debug|Any CPU
		{4942EE5E-56F3-42E0-88F1-46298037AC2E}.Release|Any CPU.ActiveCfg = Release|Any CPU
		{4942EE5E-56F3-42E0-88F1-46298037AC2E}.Release|Any CPU.Build.0 = Release|Any CPU
		{3361DCCC-3AC7-4182-A773-F92176E095D8}.Debug|Any CPU.ActiveCfg = Debug|Any CPU
		{3361DCCC-3AC7-4182-A773-F92176E095D8}.Debug|Any CPU.Build.0 = Debug|Any CPU
		{3361DCCC-3AC7-4182-A773-F92176E095D8}.Release|Any CPU.ActiveCfg = Release|Any CPU
		{3361DCCC-3AC7-4182-A773-F92176E095D8}.Release|Any CPU.Build.0 = Release|Any CPU
		{8C810CB9-9447-43FB-BE63-BD623AE63614}.Debug|Any CPU.ActiveCfg = Debug|Any CPU
		{8C810CB9-9447-43FB-BE63-BD623AE63614}.Debug|Any CPU.Build.0 = Debug|Any CPU
		{8C810CB9-9447-43FB-BE63-BD623AE63614}.Release|Any CPU.ActiveCfg = Release|Any CPU
		{8C810CB9-9447-43FB-BE63-BD623AE63614}.Release|Any CPU.Build.0 = Release|Any CPU
		{17B2147E-28BE-492C-B5B7-01861D02BB15}.Debug|Any CPU.ActiveCfg = Debug|Any CPU
		{17B2147E-28BE-492C-B5B7-01861D02BB15}.Debug|Any CPU.Build.0 = Debug|Any CPU
		{17B2147E-28BE-492C-B5B7-01861D02BB15}.Release|Any CPU.ActiveCfg = Release|Any CPU
		{17B2147E-28BE-492C-B5B7-01861D02BB15}.Release|Any CPU.Build.0 = Release|Any CPU
		{BDB33727-C466-4922-90C0-3BF2D3859388}.Debug|Any CPU.ActiveCfg = Debug|Any CPU
		{BDB33727-C466-4922-90C0-3BF2D3859388}.Debug|Any CPU.Build.0 = Debug|Any CPU
		{BDB33727-C466-4922-90C0-3BF2D3859388}.Release|Any CPU.ActiveCfg = Release|Any CPU
		{BDB33727-C466-4922-90C0-3BF2D3859388}.Release|Any CPU.Build.0 = Release|Any CPU
		{FF62DF24-C143-4447-9F38-5A5A16138DBB}.Debug|Any CPU.ActiveCfg = Debug|Any CPU
		{FF62DF24-C143-4447-9F38-5A5A16138DBB}.Debug|Any CPU.Build.0 = Debug|Any CPU
		{FF62DF24-C143-4447-9F38-5A5A16138DBB}.Release|Any CPU.ActiveCfg = Release|Any CPU
		{FF62DF24-C143-4447-9F38-5A5A16138DBB}.Release|Any CPU.Build.0 = Release|Any CPU
		{39F632AA-5875-439C-A995-A4893531F6EA}.Debug|Any CPU.ActiveCfg = Debug|Any CPU
		{39F632AA-5875-439C-A995-A4893531F6EA}.Debug|Any CPU.Build.0 = Debug|Any CPU
		{39F632AA-5875-439C-A995-A4893531F6EA}.Release|Any CPU.ActiveCfg = Release|Any CPU
		{39F632AA-5875-439C-A995-A4893531F6EA}.Release|Any CPU.Build.0 = Release|Any CPU
		{55C65F06-F0A6-4738-AADD-C2674A6CCA03}.Debug|Any CPU.ActiveCfg = Debug|Any CPU
		{55C65F06-F0A6-4738-AADD-C2674A6CCA03}.Debug|Any CPU.Build.0 = Debug|Any CPU
		{55C65F06-F0A6-4738-AADD-C2674A6CCA03}.Release|Any CPU.ActiveCfg = Release|Any CPU
		{55C65F06-F0A6-4738-AADD-C2674A6CCA03}.Release|Any CPU.Build.0 = Release|Any CPU
		{A3D2AE0D-7F97-4CFB-8AB7-AA9F3DDCF2EB}.Debug|Any CPU.ActiveCfg = Debug|Any CPU
		{A3D2AE0D-7F97-4CFB-8AB7-AA9F3DDCF2EB}.Debug|Any CPU.Build.0 = Debug|Any CPU
		{A3D2AE0D-7F97-4CFB-8AB7-AA9F3DDCF2EB}.Release|Any CPU.ActiveCfg = Release|Any CPU
		{A3D2AE0D-7F97-4CFB-8AB7-AA9F3DDCF2EB}.Release|Any CPU.Build.0 = Release|Any CPU
		{8103882B-FAD5-41FE-AFC7-4CEEB7A0DC0E}.Debug|Any CPU.ActiveCfg = Debug|Any CPU
		{8103882B-FAD5-41FE-AFC7-4CEEB7A0DC0E}.Debug|Any CPU.Build.0 = Debug|Any CPU
		{8103882B-FAD5-41FE-AFC7-4CEEB7A0DC0E}.Release|Any CPU.ActiveCfg = Release|Any CPU
		{8103882B-FAD5-41FE-AFC7-4CEEB7A0DC0E}.Release|Any CPU.Build.0 = Release|Any CPU
		{D463C962-22BB-4713-865D-30A220D7681D}.Debug|Any CPU.ActiveCfg = Debug|Any CPU
		{D463C962-22BB-4713-865D-30A220D7681D}.Debug|Any CPU.Build.0 = Debug|Any CPU
		{D463C962-22BB-4713-865D-30A220D7681D}.Release|Any CPU.ActiveCfg = Release|Any CPU
		{D463C962-22BB-4713-865D-30A220D7681D}.Release|Any CPU.Build.0 = Release|Any CPU
		{F964AEB4-A672-4A7F-A1F0-91DD45F67FB1}.Debug|Any CPU.ActiveCfg = Debug|Any CPU
		{F964AEB4-A672-4A7F-A1F0-91DD45F67FB1}.Debug|Any CPU.Build.0 = Debug|Any CPU
		{F964AEB4-A672-4A7F-A1F0-91DD45F67FB1}.Release|Any CPU.ActiveCfg = Release|Any CPU
		{F964AEB4-A672-4A7F-A1F0-91DD45F67FB1}.Release|Any CPU.Build.0 = Release|Any CPU
		{F689FE89-3223-4E27-B02D-3B63FBD6B9C9}.Debug|Any CPU.ActiveCfg = Debug|Any CPU
		{F689FE89-3223-4E27-B02D-3B63FBD6B9C9}.Debug|Any CPU.Build.0 = Debug|Any CPU
		{F689FE89-3223-4E27-B02D-3B63FBD6B9C9}.Release|Any CPU.ActiveCfg = Release|Any CPU
		{F689FE89-3223-4E27-B02D-3B63FBD6B9C9}.Release|Any CPU.Build.0 = Release|Any CPU
		{537B6E60-1C40-441C-ACA3-DC1594AD7069}.Debug|Any CPU.ActiveCfg = Debug|Any CPU
		{537B6E60-1C40-441C-ACA3-DC1594AD7069}.Debug|Any CPU.Build.0 = Debug|Any CPU
		{537B6E60-1C40-441C-ACA3-DC1594AD7069}.Release|Any CPU.ActiveCfg = Release|Any CPU
		{537B6E60-1C40-441C-ACA3-DC1594AD7069}.Release|Any CPU.Build.0 = Release|Any CPU
		{1542064C-8C4D-4EE7-88B1-380CFF041360}.Debug|Any CPU.ActiveCfg = Debug|Any CPU
		{1542064C-8C4D-4EE7-88B1-380CFF041360}.Debug|Any CPU.Build.0 = Debug|Any CPU
		{1542064C-8C4D-4EE7-88B1-380CFF041360}.Release|Any CPU.ActiveCfg = Release|Any CPU
		{1542064C-8C4D-4EE7-88B1-380CFF041360}.Release|Any CPU.Build.0 = Release|Any CPU
		{F53F1FDE-39E7-4225-BD72-D5CD1A882ED2}.Debug|Any CPU.ActiveCfg = Debug|Any CPU
		{F53F1FDE-39E7-4225-BD72-D5CD1A882ED2}.Debug|Any CPU.Build.0 = Debug|Any CPU
		{F53F1FDE-39E7-4225-BD72-D5CD1A882ED2}.Release|Any CPU.ActiveCfg = Release|Any CPU
		{F53F1FDE-39E7-4225-BD72-D5CD1A882ED2}.Release|Any CPU.Build.0 = Release|Any CPU
		{2D7B0B12-6029-4345-AD92-40CCB77FE5EA}.Debug|Any CPU.ActiveCfg = Debug|Any CPU
		{2D7B0B12-6029-4345-AD92-40CCB77FE5EA}.Debug|Any CPU.Build.0 = Debug|Any CPU
		{2D7B0B12-6029-4345-AD92-40CCB77FE5EA}.Release|Any CPU.ActiveCfg = Release|Any CPU
		{2D7B0B12-6029-4345-AD92-40CCB77FE5EA}.Release|Any CPU.Build.0 = Release|Any CPU
		{7C2D1E72-E00C-400D-876B-3F340FE995D5}.Debug|Any CPU.ActiveCfg = Debug|Any CPU
		{7C2D1E72-E00C-400D-876B-3F340FE995D5}.Debug|Any CPU.Build.0 = Debug|Any CPU
		{7C2D1E72-E00C-400D-876B-3F340FE995D5}.Release|Any CPU.ActiveCfg = Release|Any CPU
		{7C2D1E72-E00C-400D-876B-3F340FE995D5}.Release|Any CPU.Build.0 = Release|Any CPU
		{9E0D676E-F33A-4F91-9716-BBFD0E9337FD}.Debug|Any CPU.ActiveCfg = Debug|Any CPU
		{9E0D676E-F33A-4F91-9716-BBFD0E9337FD}.Debug|Any CPU.Build.0 = Debug|Any CPU
		{9E0D676E-F33A-4F91-9716-BBFD0E9337FD}.Release|Any CPU.ActiveCfg = Release|Any CPU
		{9E0D676E-F33A-4F91-9716-BBFD0E9337FD}.Release|Any CPU.Build.0 = Release|Any CPU
		{02565116-E7AE-4E5F-9791-A42C67DA57C2}.Debug|Any CPU.ActiveCfg = Debug|Any CPU
		{02565116-E7AE-4E5F-9791-A42C67DA57C2}.Debug|Any CPU.Build.0 = Debug|Any CPU
		{02565116-E7AE-4E5F-9791-A42C67DA57C2}.Release|Any CPU.ActiveCfg = Release|Any CPU
		{02565116-E7AE-4E5F-9791-A42C67DA57C2}.Release|Any CPU.Build.0 = Release|Any CPU
		{9014B30C-AEBE-400B-8487-F37D6D9E20AD}.Debug|Any CPU.ActiveCfg = Debug|Any CPU
		{9014B30C-AEBE-400B-8487-F37D6D9E20AD}.Debug|Any CPU.Build.0 = Debug|Any CPU
		{9014B30C-AEBE-400B-8487-F37D6D9E20AD}.Release|Any CPU.ActiveCfg = Release|Any CPU
		{9014B30C-AEBE-400B-8487-F37D6D9E20AD}.Release|Any CPU.Build.0 = Release|Any CPU
		{757F701F-56E2-4BA6-862D-1F0C37F02411}.Debug|Any CPU.ActiveCfg = Debug|Any CPU
		{757F701F-56E2-4BA6-862D-1F0C37F02411}.Debug|Any CPU.Build.0 = Debug|Any CPU
		{757F701F-56E2-4BA6-862D-1F0C37F02411}.Release|Any CPU.ActiveCfg = Release|Any CPU
		{757F701F-56E2-4BA6-862D-1F0C37F02411}.Release|Any CPU.Build.0 = Release|Any CPU
		{77A65AEE-1A28-48DD-9798-17ADC4AA30E1}.Debug|Any CPU.ActiveCfg = Debug|Any CPU
		{77A65AEE-1A28-48DD-9798-17ADC4AA30E1}.Debug|Any CPU.Build.0 = Debug|Any CPU
		{77A65AEE-1A28-48DD-9798-17ADC4AA30E1}.Release|Any CPU.ActiveCfg = Release|Any CPU
		{77A65AEE-1A28-48DD-9798-17ADC4AA30E1}.Release|Any CPU.Build.0 = Release|Any CPU
		{7B3D1D6E-E349-4C69-8BB9-7BEA83B9D8FA}.Debug|Any CPU.ActiveCfg = Debug|Any CPU
		{7B3D1D6E-E349-4C69-8BB9-7BEA83B9D8FA}.Debug|Any CPU.Build.0 = Debug|Any CPU
		{7B3D1D6E-E349-4C69-8BB9-7BEA83B9D8FA}.Release|Any CPU.ActiveCfg = Release|Any CPU
		{7B3D1D6E-E349-4C69-8BB9-7BEA83B9D8FA}.Release|Any CPU.Build.0 = Release|Any CPU
		{61C92753-0B5A-4F4B-8C19-29B75E0AD391}.Debug|Any CPU.ActiveCfg = Debug|Any CPU
		{61C92753-0B5A-4F4B-8C19-29B75E0AD391}.Debug|Any CPU.Build.0 = Debug|Any CPU
		{61C92753-0B5A-4F4B-8C19-29B75E0AD391}.Release|Any CPU.ActiveCfg = Release|Any CPU
		{61C92753-0B5A-4F4B-8C19-29B75E0AD391}.Release|Any CPU.Build.0 = Release|Any CPU
		{4EFA4095-C78E-40B4-AB35-6E205BE35CA5}.Debug|Any CPU.ActiveCfg = Debug|Any CPU
		{4EFA4095-C78E-40B4-AB35-6E205BE35CA5}.Debug|Any CPU.Build.0 = Debug|Any CPU
		{4EFA4095-C78E-40B4-AB35-6E205BE35CA5}.Release|Any CPU.ActiveCfg = Release|Any CPU
		{4EFA4095-C78E-40B4-AB35-6E205BE35CA5}.Release|Any CPU.Build.0 = Release|Any CPU
		{963FE1BE-87A9-422B-BCB0-F112FDA84E4D}.Debug|Any CPU.ActiveCfg = Debug|Any CPU
		{963FE1BE-87A9-422B-BCB0-F112FDA84E4D}.Debug|Any CPU.Build.0 = Debug|Any CPU
		{963FE1BE-87A9-422B-BCB0-F112FDA84E4D}.Release|Any CPU.ActiveCfg = Release|Any CPU
		{963FE1BE-87A9-422B-BCB0-F112FDA84E4D}.Release|Any CPU.Build.0 = Release|Any CPU
		{B550CB31-FB18-4EB4-AEC2-0EC92A5B97BE}.Debug|Any CPU.ActiveCfg = Debug|Any CPU
		{B550CB31-FB18-4EB4-AEC2-0EC92A5B97BE}.Debug|Any CPU.Build.0 = Debug|Any CPU
		{B550CB31-FB18-4EB4-AEC2-0EC92A5B97BE}.Release|Any CPU.ActiveCfg = Release|Any CPU
		{B550CB31-FB18-4EB4-AEC2-0EC92A5B97BE}.Release|Any CPU.Build.0 = Release|Any CPU
		{914D413D-6049-4B1B-8B73-8FCDA5B7AE35}.Debug|Any CPU.ActiveCfg = Debug|Any CPU
		{914D413D-6049-4B1B-8B73-8FCDA5B7AE35}.Debug|Any CPU.Build.0 = Debug|Any CPU
		{914D413D-6049-4B1B-8B73-8FCDA5B7AE35}.Release|Any CPU.ActiveCfg = Release|Any CPU
		{914D413D-6049-4B1B-8B73-8FCDA5B7AE35}.Release|Any CPU.Build.0 = Release|Any CPU
		{39E8D744-A877-45CB-A97E-C4DCE6534B25}.Debug|Any CPU.ActiveCfg = Debug|Any CPU
		{39E8D744-A877-45CB-A97E-C4DCE6534B25}.Debug|Any CPU.Build.0 = Debug|Any CPU
		{39E8D744-A877-45CB-A97E-C4DCE6534B25}.Release|Any CPU.ActiveCfg = Release|Any CPU
		{39E8D744-A877-45CB-A97E-C4DCE6534B25}.Release|Any CPU.Build.0 = Release|Any CPU
		{7E733755-8556-48BA-98F8-7FD3A3815B22}.Debug|Any CPU.ActiveCfg = Debug|Any CPU
		{7E733755-8556-48BA-98F8-7FD3A3815B22}.Debug|Any CPU.Build.0 = Debug|Any CPU
		{7E733755-8556-48BA-98F8-7FD3A3815B22}.Release|Any CPU.ActiveCfg = Release|Any CPU
		{7E733755-8556-48BA-98F8-7FD3A3815B22}.Release|Any CPU.Build.0 = Release|Any CPU
	EndGlobalSection
	GlobalSection(SolutionProperties) = preSolution
		HideSolutionNode = FALSE
	EndGlobalSection
EndGlobal
