
Microsoft Visual Studio Solution File, Format Version 12.00
# Visual Studio 2012
Project("{FAE04EC0-301F-11D3-BF4B-00C04F79EFBC}") = "01. SchoolClasses", "01. SchoolClasses\01. SchoolClasses.csproj", "{04887E67-C3D0-4AE3-A30A-95C069560351}"
EndProject
Project("{FAE04EC0-301F-11D3-BF4B-00C04F79EFBC}") = "02. StudentsAndWorkers", "02. StudentsAndWorkers\02. StudentsAndWorkers.csproj", "{882904DE-2544-42F0-83EF-8892CBF3E686}"
EndProject
Project("{FAE04EC0-301F-11D3-BF4B-00C04F79EFBC}") = "03. AnimalHierarchy", "03. AnimalHierarchy\03. AnimalHierarchy.csproj", "{D77288E4-E8FB-4B56-88F0-1B652BACA421}"
EndProject
Global
	GlobalSection(SolutionConfigurationPlatforms) = preSolution
		Debug|Any CPU = Debug|Any CPU
		Release|Any CPU = Release|Any CPU
	EndGlobalSection
	GlobalSection(ProjectConfigurationPlatforms) = postSolution
		{04887E67-C3D0-4AE3-A30A-95C069560351}.Debug|Any CPU.ActiveCfg = Debug|Any CPU
		{04887E67-C3D0-4AE3-A30A-95C069560351}.Debug|Any CPU.Build.0 = Debug|Any CPU
		{04887E67-C3D0-4AE3-A30A-95C069560351}.Release|Any CPU.ActiveCfg = Release|Any CPU
		{04887E67-C3D0-4AE3-A30A-95C069560351}.Release|Any CPU.Build.0 = Release|Any CPU
		{882904DE-2544-42F0-83EF-8892CBF3E686}.Debug|Any CPU.ActiveCfg = Debug|Any CPU
		{882904DE-2544-42F0-83EF-8892CBF3E686}.Debug|Any CPU.Build.0 = Debug|Any CPU
		{882904DE-2544-42F0-83EF-8892CBF3E686}.Release|Any CPU.ActiveCfg = Release|Any CPU
		{882904DE-2544-42F0-83EF-8892CBF3E686}.Release|Any CPU.Build.0 = Release|Any CPU
		{D77288E4-E8FB-4B56-88F0-1B652BACA421}.Debug|Any CPU.ActiveCfg = Debug|Any CPU
		{D77288E4-E8FB-4B56-88F0-1B652BACA421}.Debug|Any CPU.Build.0 = Debug|Any CPU
		{D77288E4-E8FB-4B56-88F0-1B652BACA421}.Release|Any CPU.ActiveCfg = Release|Any CPU
		{D77288E4-E8FB-4B56-88F0-1B652BACA421}.Release|Any CPU.Build.0 = Release|Any CPU
	EndGlobalSection
	GlobalSection(SolutionProperties) = preSolution
		HideSolutionNode = FALSE
	EndGlobalSection
EndGlobal
